// !$*UTF8*$!
{
	archiveVersion = 1;
	classes = {
	};
	objectVersion = 46;
	objects = {

/* Begin PBXBuildFile section */
		6506139F139B01650067EF92 /* MapKit.framework in Frameworks */ = {isa = PBXBuildFile; fileRef = 6506139E139B01650067EF92 /* MapKit.framework */; };
		650613AD139B4CFE0067EF92 /* DraggablePinAnnotation.m in Sources */ = {isa = PBXBuildFile; fileRef = 650613AC139B4CFE0067EF92 /* DraggablePinAnnotation.m */; };
		650C6E1B139C8B610068D920 /* button_blue.png in Resources */ = {isa = PBXBuildFile; fileRef = 650C6E1A139C8B610068D920 /* button_blue.png */; };
		650C6E27139C90AA0068D920 /* LocalLoser_Icon.png in Resources */ = {isa = PBXBuildFile; fileRef = 650C6E26139C90AA0068D920 /* LocalLoser_Icon.png */; };
		650C6E2A139CA05A0068D920 /* button_lightBlue.png in Resources */ = {isa = PBXBuildFile; fileRef = 650C6E29139CA05A0068D920 /* button_lightBlue.png */; };
		650C6E2E139CA4EA0068D920 /* FoundItemViewController.m in Sources */ = {isa = PBXBuildFile; fileRef = 650C6E2C139CA4EA0068D920 /* FoundItemViewController.m */; };
		650C6E2F139CA4EA0068D920 /* FoundItemViewController.xib in Resources */ = {isa = PBXBuildFile; fileRef = 650C6E2D139CA4EA0068D920 /* FoundItemViewController.xib */; };
		650C6E38139CAE1A0068D920 /* FoundItem_Create.m in Sources */ = {isa = PBXBuildFile; fileRef = 650C6E37139CAE1A0068D920 /* FoundItem_Create.m */; };
		650C6E55139DAAA60068D920 /* CoreDataTableViewController.m in Sources */ = {isa = PBXBuildFile; fileRef = 650C6E54139DAAA60068D920 /* CoreDataTableViewController.m */; };
		650C6E5F139DAEE90068D920 /* cat.jpg in Resources */ = {isa = PBXBuildFile; fileRef = 650C6E5E139DAEE90068D920 /* cat.jpg */; };
		650C6E68139DD3A50068D920 /* baseball.jpg in Resources */ = {isa = PBXBuildFile; fileRef = 650C6E60139DD3A50068D920 /* baseball.jpg */; };
		650C6E69139DD3A50068D920 /* switchblade.jpg in Resources */ = {isa = PBXBuildFile; fileRef = 650C6E61139DD3A50068D920 /* switchblade.jpg */; };
		650C6E6B139DD3A50068D920 /* carKeys.jpg in Resources */ = {isa = PBXBuildFile; fileRef = 650C6E63139DD3A50068D920 /* carKeys.jpg */; };
		650C6E6C139DD3A50068D920 /* fedora.jpg in Resources */ = {isa = PBXBuildFile; fileRef = 650C6E64139DD3A50068D920 /* fedora.jpg */; };
		650C6E6D139DD3A50068D920 /* sunglasses.jpg in Resources */ = {isa = PBXBuildFile; fileRef = 650C6E65139DD3A50068D920 /* sunglasses.jpg */; };
		650C6E6F139DD3A50068D920 /* tennis_racket.jpg in Resources */ = {isa = PBXBuildFile; fileRef = 650C6E67139DD3A50068D920 /* tennis_racket.jpg */; };
		650C6E71139DD50D0068D920 /* piano.jpg in Resources */ = {isa = PBXBuildFile; fileRef = 650C6E70139DD50D0068D920 /* piano.jpg */; };
		65124273139B79410045D6FD /* no-photo.png in Resources */ = {isa = PBXBuildFile; fileRef = 65124272139B79410045D6FD /* no-photo.png */; };
		6512428E139B95BD0045D6FD /* MobileCoreServices.framework in Frameworks */ = {isa = PBXBuildFile; fileRef = 6512428D139B95BD0045D6FD /* MobileCoreServices.framework */; };
		6512429B139C84620045D6FD /* LocalLoser_Logo.png in Resources */ = {isa = PBXBuildFile; fileRef = 65124299139C84620045D6FD /* LocalLoser_Logo.png */; };
		6512429E139C85A90045D6FD /* LocalLoser_Logo_White.png in Resources */ = {isa = PBXBuildFile; fileRef = 6512429D139C85A90045D6FD /* LocalLoser_Logo_White.png */; };
		6526EB341399E79D00C7D9F5 /* LostItemViewController.m in Sources */ = {isa = PBXBuildFile; fileRef = 6526EB321399E79D00C7D9F5 /* LostItemViewController.m */; };
		6526EB351399E79D00C7D9F5 /* LostItemViewController.xib in Resources */ = {isa = PBXBuildFile; fileRef = 6526EB331399E79D00C7D9F5 /* LostItemViewController.xib */; };
		653D45FB139F3D5E001FCF78 /* FoundItemInfoPageViewController.m in Sources */ = {isa = PBXBuildFile; fileRef = 653D45FA139F3D5E001FCF78 /* FoundItemInfoPageViewController.m */; };
		653D4607139F4570001FCF78 /* MyLostItemsTableViewController.m in Sources */ = {isa = PBXBuildFile; fileRef = 653D4606139F4570001FCF78 /* MyLostItemsTableViewController.m */; };
		654F78161395B8FD00093D22 /* UIKit.framework in Frameworks */ = {isa = PBXBuildFile; fileRef = 654F78151395B8FD00093D22 /* UIKit.framework */; };
		654F78181395B8FD00093D22 /* Foundation.framework in Frameworks */ = {isa = PBXBuildFile; fileRef = 654F78171395B8FD00093D22 /* Foundation.framework */; };
		654F781A1395B8FD00093D22 /* CoreGraphics.framework in Frameworks */ = {isa = PBXBuildFile; fileRef = 654F78191395B8FD00093D22 /* CoreGraphics.framework */; };
		654F781C1395B8FD00093D22 /* CoreData.framework in Frameworks */ = {isa = PBXBuildFile; fileRef = 654F781B1395B8FD00093D22 /* CoreData.framework */; };
		654F78221395B8FD00093D22 /* InfoPlist.strings in Resources */ = {isa = PBXBuildFile; fileRef = 654F78201395B8FD00093D22 /* InfoPlist.strings */; };
		654F78251395B8FD00093D22 /* main.m in Sources */ = {isa = PBXBuildFile; fileRef = 654F78241395B8FD00093D22 /* main.m */; };
		654F78281395B8FD00093D22 /* LostAndFoundAppDelegate.m in Sources */ = {isa = PBXBuildFile; fileRef = 654F78271395B8FD00093D22 /* LostAndFoundAppDelegate.m */; };
		654F782B1395B8FD00093D22 /* MainWindow.xib in Resources */ = {isa = PBXBuildFile; fileRef = 654F78291395B8FD00093D22 /* MainWindow.xib */; };
		654F782E1395B8FD00093D22 /* LostAndFound.xcdatamodeld in Sources */ = {isa = PBXBuildFile; fileRef = 654F782C1395B8FD00093D22 /* LostAndFound.xcdatamodeld */; };
		654F784F1395BAE400093D22 /* MainMenuViewController.m in Sources */ = {isa = PBXBuildFile; fileRef = 654F784D1395BAE400093D22 /* MainMenuViewController.m */; };
		654F78501395BAE400093D22 /* MainMenuViewController.xib in Resources */ = {isa = PBXBuildFile; fileRef = 654F784E1395BAE400093D22 /* MainMenuViewController.xib */; };
		654F78661395C72D00093D22 /* UserInfoViewController.m in Sources */ = {isa = PBXBuildFile; fileRef = 654F78641395C72D00093D22 /* UserInfoViewController.m */; };
		65546533139EF6D600C13C9E /* MessageUI.framework in Frameworks */ = {isa = PBXBuildFile; fileRef = 65546532139EF6D600C13C9E /* MessageUI.framework */; };
		659A1AD9139DDBE1002DE4C1 /* wedding_ring2.jpg in Resources */ = {isa = PBXBuildFile; fileRef = 659A1AD8139DDBE1002DE4C1 /* wedding_ring2.jpg */; };
		659A1AE9139DE094002DE4C1 /* LostItemsTableViewController.m in Sources */ = {isa = PBXBuildFile; fileRef = 659A1AE8139DE094002DE4C1 /* LostItemsTableViewController.m */; };
		659A1AF5139DE781002DE4C1 /* LostItem_MKAnnotation.m in Sources */ = {isa = PBXBuildFile; fileRef = 659A1AF4139DE781002DE4C1 /* LostItem_MKAnnotation.m */; };
		65DC05C8139A1CD600EB2782 /* LostItem_Create.m in Sources */ = {isa = PBXBuildFile; fileRef = 65DC05C7139A1CD600EB2782 /* LostItem_Create.m */; };
		65F54F48139E240F00028051 /* FoundItem.m in Sources */ = {isa = PBXBuildFile; fileRef = 65F54F47139E240D00028051 /* FoundItem.m */; };
		65F54F4B139E241000028051 /* LostItem.m in Sources */ = {isa = PBXBuildFile; fileRef = 65F54F4A139E241000028051 /* LostItem.m */; };
		65F54F4E139E3E9900028051 /* FoundItemsTableViewController.m in Sources */ = {isa = PBXBuildFile; fileRef = 65F54F4D139E3E9900028051 /* FoundItemsTableViewController.m */; };
		65F54F52139E432F00028051 /* FoundItem_MKAnnotation.m in Sources */ = {isa = PBXBuildFile; fileRef = 65F54F51139E432F00028051 /* FoundItem_MKAnnotation.m */; };
		65F54F5A139E978200028051 /* LostItemInfoPageViewController.m in Sources */ = {isa = PBXBuildFile; fileRef = 65F54F59139E978100028051 /* LostItemInfoPageViewController.m */; };
		65F790781398557D0001A3F6 /* UserInfoViewController.xib in Resources */ = {isa = PBXBuildFile; fileRef = 654F78651395C72D00093D22 /* UserInfoViewController.xib */; };
/* End PBXBuildFile section */

/* Begin PBXFileReference section */
		6506139E139B01650067EF92 /* MapKit.framework */ = {isa = PBXFileReference; lastKnownFileType = wrapper.framework; name = MapKit.framework; path = System/Library/Frameworks/MapKit.framework; sourceTree = SDKROOT; };
		650613AB139B4CFE0067EF92 /* DraggablePinAnnotation.h */ = {isa = PBXFileReference; fileEncoding = 4; lastKnownFileType = sourcecode.c.h; path = DraggablePinAnnotation.h; sourceTree = "<group>"; };
		650613AC139B4CFE0067EF92 /* DraggablePinAnnotation.m */ = {isa = PBXFileReference; fileEncoding = 4; lastKnownFileType = sourcecode.c.objc; path = DraggablePinAnnotation.m; sourceTree = "<group>"; };
		650C6E1A139C8B610068D920 /* button_blue.png */ = {isa = PBXFileReference; lastKnownFileType = image.png; path = button_blue.png; sourceTree = "<group>"; };
		650C6E26139C90AA0068D920 /* LocalLoser_Icon.png */ = {isa = PBXFileReference; lastKnownFileType = image.png; path = LocalLoser_Icon.png; sourceTree = "<group>"; };
		650C6E29139CA05A0068D920 /* button_lightBlue.png */ = {isa = PBXFileReference; lastKnownFileType = image.png; path = button_lightBlue.png; sourceTree = "<group>"; };
		650C6E2B139CA4EA0068D920 /* FoundItemViewController.h */ = {isa = PBXFileReference; fileEncoding = 4; lastKnownFileType = sourcecode.c.h; path = FoundItemViewController.h; sourceTree = "<group>"; };
		650C6E2C139CA4EA0068D920 /* FoundItemViewController.m */ = {isa = PBXFileReference; fileEncoding = 4; lastKnownFileType = sourcecode.c.objc; path = FoundItemViewController.m; sourceTree = "<group>"; };
		650C6E2D139CA4EA0068D920 /* FoundItemViewController.xib */ = {isa = PBXFileReference; fileEncoding = 4; lastKnownFileType = file.xib; path = FoundItemViewController.xib; sourceTree = "<group>"; };
		650C6E36139CAE1A0068D920 /* FoundItem_Create.h */ = {isa = PBXFileReference; fileEncoding = 4; lastKnownFileType = sourcecode.c.h; path = FoundItem_Create.h; sourceTree = "<group>"; };
		650C6E37139CAE1A0068D920 /* FoundItem_Create.m */ = {isa = PBXFileReference; fileEncoding = 4; lastKnownFileType = sourcecode.c.objc; path = FoundItem_Create.m; sourceTree = "<group>"; };
		650C6E53139DAAA60068D920 /* CoreDataTableViewController.h */ = {isa = PBXFileReference; fileEncoding = 4; lastKnownFileType = sourcecode.c.h; path = CoreDataTableViewController.h; sourceTree = "<group>"; };
		650C6E54139DAAA60068D920 /* CoreDataTableViewController.m */ = {isa = PBXFileReference; fileEncoding = 4; lastKnownFileType = sourcecode.c.objc; path = CoreDataTableViewController.m; sourceTree = "<group>"; };
		650C6E5E139DAEE90068D920 /* cat.jpg */ = {isa = PBXFileReference; lastKnownFileType = image.jpeg; path = cat.jpg; sourceTree = "<group>"; };
		650C6E60139DD3A50068D920 /* baseball.jpg */ = {isa = PBXFileReference; lastKnownFileType = image.jpeg; path = baseball.jpg; sourceTree = "<group>"; };
		650C6E61139DD3A50068D920 /* switchblade.jpg */ = {isa = PBXFileReference; lastKnownFileType = image.jpeg; path = switchblade.jpg; sourceTree = "<group>"; };
		650C6E63139DD3A50068D920 /* carKeys.jpg */ = {isa = PBXFileReference; lastKnownFileType = image.jpeg; path = carKeys.jpg; sourceTree = "<group>"; };
		650C6E64139DD3A50068D920 /* fedora.jpg */ = {isa = PBXFileReference; lastKnownFileType = image.jpeg; path = fedora.jpg; sourceTree = "<group>"; };
		650C6E65139DD3A50068D920 /* sunglasses.jpg */ = {isa = PBXFileReference; lastKnownFileType = image.jpeg; path = sunglasses.jpg; sourceTree = "<group>"; };
		650C6E67139DD3A50068D920 /* tennis_racket.jpg */ = {isa = PBXFileReference; lastKnownFileType = image.jpeg; path = tennis_racket.jpg; sourceTree = "<group>"; };
		650C6E70139DD50D0068D920 /* piano.jpg */ = {isa = PBXFileReference; lastKnownFileType = image.jpeg; path = piano.jpg; sourceTree = "<group>"; };
		65124272139B79410045D6FD /* no-photo.png */ = {isa = PBXFileReference; lastKnownFileType = image.png; path = "no-photo.png"; sourceTree = "<group>"; };
		6512428D139B95BD0045D6FD /* MobileCoreServices.framework */ = {isa = PBXFileReference; lastKnownFileType = wrapper.framework; name = MobileCoreServices.framework; path = System/Library/Frameworks/MobileCoreServices.framework; sourceTree = SDKROOT; };
		65124299139C84620045D6FD /* LocalLoser_Logo.png */ = {isa = PBXFileReference; lastKnownFileType = image.png; path = LocalLoser_Logo.png; sourceTree = "<group>"; };
		6512429D139C85A90045D6FD /* LocalLoser_Logo_White.png */ = {isa = PBXFileReference; lastKnownFileType = image.png; path = LocalLoser_Logo_White.png; sourceTree = "<group>"; };
		6526EB311399E79D00C7D9F5 /* LostItemViewController.h */ = {isa = PBXFileReference; fileEncoding = 4; lastKnownFileType = sourcecode.c.h; path = LostItemViewController.h; sourceTree = "<group>"; };
		6526EB321399E79D00C7D9F5 /* LostItemViewController.m */ = {isa = PBXFileReference; fileEncoding = 4; lastKnownFileType = sourcecode.c.objc; path = LostItemViewController.m; sourceTree = "<group>"; };
		6526EB331399E79D00C7D9F5 /* LostItemViewController.xib */ = {isa = PBXFileReference; fileEncoding = 4; lastKnownFileType = file.xib; path = LostItemViewController.xib; sourceTree = "<group>"; };
		653D45F9139F3D5E001FCF78 /* FoundItemInfoPageViewController.h */ = {isa = PBXFileReference; fileEncoding = 4; lastKnownFileType = sourcecode.c.h; path = FoundItemInfoPageViewController.h; sourceTree = "<group>"; };
		653D45FA139F3D5E001FCF78 /* FoundItemInfoPageViewController.m */ = {isa = PBXFileReference; fileEncoding = 4; lastKnownFileType = sourcecode.c.objc; path = FoundItemInfoPageViewController.m; sourceTree = "<group>"; };
		653D4605139F4570001FCF78 /* MyLostItemsTableViewController.h */ = {isa = PBXFileReference; fileEncoding = 4; lastKnownFileType = sourcecode.c.h; path = MyLostItemsTableViewController.h; sourceTree = "<group>"; };
		653D4606139F4570001FCF78 /* MyLostItemsTableViewController.m */ = {isa = PBXFileReference; fileEncoding = 4; lastKnownFileType = sourcecode.c.objc; path = MyLostItemsTableViewController.m; sourceTree = "<group>"; };
		654F78111395B8FD00093D22 /* LostAndFound.app */ = {isa = PBXFileReference; explicitFileType = wrapper.application; includeInIndex = 0; path = LostAndFound.app; sourceTree = BUILT_PRODUCTS_DIR; };
		654F78151395B8FD00093D22 /* UIKit.framework */ = {isa = PBXFileReference; lastKnownFileType = wrapper.framework; name = UIKit.framework; path = System/Library/Frameworks/UIKit.framework; sourceTree = SDKROOT; };
		654F78171395B8FD00093D22 /* Foundation.framework */ = {isa = PBXFileReference; lastKnownFileType = wrapper.framework; name = Foundation.framework; path = System/Library/Frameworks/Foundation.framework; sourceTree = SDKROOT; };
		654F78191395B8FD00093D22 /* CoreGraphics.framework */ = {isa = PBXFileReference; lastKnownFileType = wrapper.framework; name = CoreGraphics.framework; path = System/Library/Frameworks/CoreGraphics.framework; sourceTree = SDKROOT; };
		654F781B1395B8FD00093D22 /* CoreData.framework */ = {isa = PBXFileReference; lastKnownFileType = wrapper.framework; name = CoreData.framework; path = System/Library/Frameworks/CoreData.framework; sourceTree = SDKROOT; };
		654F781F1395B8FD00093D22 /* LostAndFound-Info.plist */ = {isa = PBXFileReference; lastKnownFileType = text.plist.xml; path = "LostAndFound-Info.plist"; sourceTree = "<group>"; };
		654F78211395B8FD00093D22 /* en */ = {isa = PBXFileReference; lastKnownFileType = text.plist.strings; name = en; path = en.lproj/InfoPlist.strings; sourceTree = "<group>"; };
		654F78231395B8FD00093D22 /* LostAndFound-Prefix.pch */ = {isa = PBXFileReference; lastKnownFileType = sourcecode.c.h; path = "LostAndFound-Prefix.pch"; sourceTree = "<group>"; };
		654F78241395B8FD00093D22 /* main.m */ = {isa = PBXFileReference; lastKnownFileType = sourcecode.c.objc; path = main.m; sourceTree = "<group>"; };
		654F78261395B8FD00093D22 /* LostAndFoundAppDelegate.h */ = {isa = PBXFileReference; lastKnownFileType = sourcecode.c.h; path = LostAndFoundAppDelegate.h; sourceTree = "<group>"; };
		654F78271395B8FD00093D22 /* LostAndFoundAppDelegate.m */ = {isa = PBXFileReference; lastKnownFileType = sourcecode.c.objc; path = LostAndFoundAppDelegate.m; sourceTree = "<group>"; };
		654F782A1395B8FD00093D22 /* en */ = {isa = PBXFileReference; lastKnownFileType = file.xib; name = en; path = en.lproj/MainWindow.xib; sourceTree = "<group>"; };
		654F782D1395B8FD00093D22 /* LostAndFound.xcdatamodel */ = {isa = PBXFileReference; lastKnownFileType = wrapper.xcdatamodel; path = LostAndFound.xcdatamodel; sourceTree = "<group>"; };
		654F784C1395BAE400093D22 /* MainMenuViewController.h */ = {isa = PBXFileReference; fileEncoding = 4; lastKnownFileType = sourcecode.c.h; path = MainMenuViewController.h; sourceTree = "<group>"; };
		654F784D1395BAE400093D22 /* MainMenuViewController.m */ = {isa = PBXFileReference; fileEncoding = 4; lastKnownFileType = sourcecode.c.objc; path = MainMenuViewController.m; sourceTree = "<group>"; };
		654F784E1395BAE400093D22 /* MainMenuViewController.xib */ = {isa = PBXFileReference; fileEncoding = 4; lastKnownFileType = file.xib; path = MainMenuViewController.xib; sourceTree = "<group>"; };
		654F78631395C72D00093D22 /* UserInfoViewController.h */ = {isa = PBXFileReference; fileEncoding = 4; lastKnownFileType = sourcecode.c.h; path = UserInfoViewController.h; sourceTree = "<group>"; };
		654F78641395C72D00093D22 /* UserInfoViewController.m */ = {isa = PBXFileReference; fileEncoding = 4; lastKnownFileType = sourcecode.c.objc; path = UserInfoViewController.m; sourceTree = "<group>"; };
		654F78651395C72D00093D22 /* UserInfoViewController.xib */ = {isa = PBXFileReference; fileEncoding = 4; lastKnownFileType = file.xib; path = UserInfoViewController.xib; sourceTree = "<group>"; };
		65546532139EF6D600C13C9E /* MessageUI.framework */ = {isa = PBXFileReference; lastKnownFileType = wrapper.framework; name = MessageUI.framework; path = System/Library/Frameworks/MessageUI.framework; sourceTree = SDKROOT; };
		659A1AD8139DDBE1002DE4C1 /* wedding_ring2.jpg */ = {isa = PBXFileReference; lastKnownFileType = image.jpeg; path = wedding_ring2.jpg; sourceTree = "<group>"; };
		659A1AE7139DE094002DE4C1 /* LostItemsTableViewController.h */ = {isa = PBXFileReference; fileEncoding = 4; lastKnownFileType = sourcecode.c.h; path = LostItemsTableViewController.h; sourceTree = "<group>"; };
		659A1AE8139DE094002DE4C1 /* LostItemsTableViewController.m */ = {isa = PBXFileReference; fileEncoding = 4; lastKnownFileType = sourcecode.c.objc; path = LostItemsTableViewController.m; sourceTree = "<group>"; };
		659A1AF3139DE781002DE4C1 /* LostItem_MKAnnotation.h */ = {isa = PBXFileReference; fileEncoding = 4; lastKnownFileType = sourcecode.c.h; path = LostItem_MKAnnotation.h; sourceTree = "<group>"; };
		659A1AF4139DE781002DE4C1 /* LostItem_MKAnnotation.m */ = {isa = PBXFileReference; fileEncoding = 4; lastKnownFileType = sourcecode.c.objc; path = LostItem_MKAnnotation.m; sourceTree = "<group>"; };
		65DC05C6139A1CD600EB2782 /* LostItem_Create.h */ = {isa = PBXFileReference; fileEncoding = 4; lastKnownFileType = sourcecode.c.h; path = LostItem_Create.h; sourceTree = "<group>"; };
		65DC05C7139A1CD600EB2782 /* LostItem_Create.m */ = {isa = PBXFileReference; fileEncoding = 4; lastKnownFileType = sourcecode.c.objc; path = LostItem_Create.m; sourceTree = "<group>"; };
		65F54F46139E240D00028051 /* FoundItem.h */ = {isa = PBXFileReference; fileEncoding = 4; lastKnownFileType = sourcecode.c.h; path = FoundItem.h; sourceTree = "<group>"; };
		65F54F47139E240D00028051 /* FoundItem.m */ = {isa = PBXFileReference; fileEncoding = 4; lastKnownFileType = sourcecode.c.objc; path = FoundItem.m; sourceTree = "<group>"; };
		65F54F49139E240F00028051 /* LostItem.h */ = {isa = PBXFileReference; fileEncoding = 4; lastKnownFileType = sourcecode.c.h; path = LostItem.h; sourceTree = "<group>"; };
		65F54F4A139E241000028051 /* LostItem.m */ = {isa = PBXFileReference; fileEncoding = 4; lastKnownFileType = sourcecode.c.objc; path = LostItem.m; sourceTree = "<group>"; };
		65F54F4C139E3E9800028051 /* FoundItemsTableViewController.h */ = {isa = PBXFileReference; fileEncoding = 4; lastKnownFileType = sourcecode.c.h; path = FoundItemsTableViewController.h; sourceTree = "<group>"; };
		65F54F4D139E3E9900028051 /* FoundItemsTableViewController.m */ = {isa = PBXFileReference; fileEncoding = 4; lastKnownFileType = sourcecode.c.objc; path = FoundItemsTableViewController.m; sourceTree = "<group>"; };
		65F54F50139E432E00028051 /* FoundItem_MKAnnotation.h */ = {isa = PBXFileReference; fileEncoding = 4; lastKnownFileType = sourcecode.c.h; path = FoundItem_MKAnnotation.h; sourceTree = "<group>"; };
		65F54F51139E432F00028051 /* FoundItem_MKAnnotation.m */ = {isa = PBXFileReference; fileEncoding = 4; lastKnownFileType = sourcecode.c.objc; path = FoundItem_MKAnnotation.m; sourceTree = "<group>"; };
		65F54F58139E978000028051 /* LostItemInfoPageViewController.h */ = {isa = PBXFileReference; fileEncoding = 4; lastKnownFileType = sourcecode.c.h; name = LostItemInfoPageViewController.h; path = LostAndFound.xcodeproj/LostItemInfoPageViewController.h; sourceTree = SOURCE_ROOT; };
		65F54F59139E978100028051 /* LostItemInfoPageViewController.m */ = {isa = PBXFileReference; fileEncoding = 4; lastKnownFileType = sourcecode.c.objc; name = LostItemInfoPageViewController.m; path = LostAndFound.xcodeproj/LostItemInfoPageViewController.m; sourceTree = SOURCE_ROOT; };
/* End PBXFileReference section */

/* Begin PBXFrameworksBuildPhase section */
		654F780E1395B8FD00093D22 /* Frameworks */ = {
			isa = PBXFrameworksBuildPhase;
			buildActionMask = 2147483647;
			files = (
				65546533139EF6D600C13C9E /* MessageUI.framework in Frameworks */,
				6512428E139B95BD0045D6FD /* MobileCoreServices.framework in Frameworks */,
				6506139F139B01650067EF92 /* MapKit.framework in Frameworks */,
				654F78161395B8FD00093D22 /* UIKit.framework in Frameworks */,
				654F78181395B8FD00093D22 /* Foundation.framework in Frameworks */,
				654F781A1395B8FD00093D22 /* CoreGraphics.framework in Frameworks */,
				654F781C1395B8FD00093D22 /* CoreData.framework in Frameworks */,
			);
			runOnlyForDeploymentPostprocessing = 0;
		};
/* End PBXFrameworksBuildPhase section */

/* Begin PBXGroup section */
		650C6E1D139C8B700068D920 /* Images */ = {
			isa = PBXGroup;
			children = (
				650C6E60139DD3A50068D920 /* baseball.jpg */,
				650C6E61139DD3A50068D920 /* switchblade.jpg */,
				650C6E70139DD50D0068D920 /* piano.jpg */,
				650C6E63139DD3A50068D920 /* carKeys.jpg */,
				650C6E64139DD3A50068D920 /* fedora.jpg */,
				650C6E65139DD3A50068D920 /* sunglasses.jpg */,
				650C6E67139DD3A50068D920 /* tennis_racket.jpg */,
				659A1AD8139DDBE1002DE4C1 /* wedding_ring2.jpg */,
				650C6E5E139DAEE90068D920 /* cat.jpg */,
				65124272139B79410045D6FD /* no-photo.png */,
				650C6E26139C90AA0068D920 /* LocalLoser_Icon.png */,
				65124299139C84620045D6FD /* LocalLoser_Logo.png */,
				650C6E29139CA05A0068D920 /* button_lightBlue.png */,
				650C6E1A139C8B610068D920 /* button_blue.png */,
				6512429D139C85A90045D6FD /* LocalLoser_Logo_White.png */,
			);
			name = Images;
			sourceTree = "<group>";
		};
		650C6E51139DAA480068D920 /* CoreData */ = {
			isa = PBXGroup;
			children = (
				650C6E53139DAAA60068D920 /* CoreDataTableViewController.h */,
				650C6E54139DAAA60068D920 /* CoreDataTableViewController.m */,
			);
			name = CoreData;
			sourceTree = "<group>";
		};
		65124298139C16ED0045D6FD /* Found Item */ = {
			isa = PBXGroup;
			children = (
				65F54F46139E240D00028051 /* FoundItem.h */,
				65F54F47139E240D00028051 /* FoundItem.m */,
				650C6E36139CAE1A0068D920 /* FoundItem_Create.h */,
				650C6E37139CAE1A0068D920 /* FoundItem_Create.m */,
				65F54F50139E432E00028051 /* FoundItem_MKAnnotation.h */,
				65F54F51139E432F00028051 /* FoundItem_MKAnnotation.m */,
				650C6E2B139CA4EA0068D920 /* FoundItemViewController.h */,
				650C6E2C139CA4EA0068D920 /* FoundItemViewController.m */,
				650C6E2D139CA4EA0068D920 /* FoundItemViewController.xib */,
				653D45F9139F3D5E001FCF78 /* FoundItemInfoPageViewController.h */,
				653D45FA139F3D5E001FCF78 /* FoundItemInfoPageViewController.m */,
			);
			name = "Found Item";
			sourceTree = "<group>";
		};
		6526EB361399E7A700C7D9F5 /* Lost Item */ = {
			isa = PBXGroup;
			children = (
				65F54F49139E240F00028051 /* LostItem.h */,
				65F54F4A139E241000028051 /* LostItem.m */,
				659A1AF3139DE781002DE4C1 /* LostItem_MKAnnotation.h */,
				659A1AF4139DE781002DE4C1 /* LostItem_MKAnnotation.m */,
				65DC05C6139A1CD600EB2782 /* LostItem_Create.h */,
				65DC05C7139A1CD600EB2782 /* LostItem_Create.m */,
				6526EB311399E79D00C7D9F5 /* LostItemViewController.h */,
				6526EB321399E79D00C7D9F5 /* LostItemViewController.m */,
				6526EB331399E79D00C7D9F5 /* LostItemViewController.xib */,
				65F54F58139E978000028051 /* LostItemInfoPageViewController.h */,
				65F54F59139E978100028051 /* LostItemInfoPageViewController.m */,
			);
			name = "Lost Item";
			sourceTree = "<group>";
		};
		654F78061395B8FD00093D22 = {
			isa = PBXGroup;
			children = (
				65546532139EF6D600C13C9E /* MessageUI.framework */,
				6512428D139B95BD0045D6FD /* MobileCoreServices.framework */,
				6506139E139B01650067EF92 /* MapKit.framework */,
				654F781D1395B8FD00093D22 /* LostAndFound */,
				654F78141395B8FD00093D22 /* Frameworks */,
				654F78121395B8FD00093D22 /* Products */,
			);
			sourceTree = "<group>";
		};
		654F78121395B8FD00093D22 /* Products */ = {
			isa = PBXGroup;
			children = (
				654F78111395B8FD00093D22 /* LostAndFound.app */,
			);
			name = Products;
			sourceTree = "<group>";
		};
		654F78141395B8FD00093D22 /* Frameworks */ = {
			isa = PBXGroup;
			children = (
				654F78151395B8FD00093D22 /* UIKit.framework */,
				654F78171395B8FD00093D22 /* Foundation.framework */,
				654F78191395B8FD00093D22 /* CoreGraphics.framework */,
				654F781B1395B8FD00093D22 /* CoreData.framework */,
			);
			name = Frameworks;
			sourceTree = "<group>";
		};
		654F781D1395B8FD00093D22 /* LostAndFound */ = {
			isa = PBXGroup;
			children = (
				654F78261395B8FD00093D22 /* LostAndFoundAppDelegate.h */,
				654F78271395B8FD00093D22 /* LostAndFoundAppDelegate.m */,
				654F78521395BAF700093D22 /* Main Menu */,
				650613AB139B4CFE0067EF92 /* DraggablePinAnnotation.h */,
				650613AC139B4CFE0067EF92 /* DraggablePinAnnotation.m */,
				6526EB361399E7A700C7D9F5 /* Lost Item */,
				659A1AF2139DE70B002DE4C1 /* Lost Items Table View */,
				65124298139C16ED0045D6FD /* Found Item */,
				65F54F4F139E3E9E00028051 /* Found Items Table View */,
				650C6E51139DAA480068D920 /* CoreData */,
				654F782C1395B8FD00093D22 /* LostAndFound.xcdatamodeld */,
				650C6E1D139C8B700068D920 /* Images */,
				654F781E1395B8FD00093D22 /* Supporting Files */,
			);
			path = LostAndFound;
			sourceTree = "<group>";
		};
		654F781E1395B8FD00093D22 /* Supporting Files */ = {
			isa = PBXGroup;
			children = (
				654F78291395B8FD00093D22 /* MainWindow.xib */,
				654F781F1395B8FD00093D22 /* LostAndFound-Info.plist */,
				654F78201395B8FD00093D22 /* InfoPlist.strings */,
				654F78231395B8FD00093D22 /* LostAndFound-Prefix.pch */,
				654F78241395B8FD00093D22 /* main.m */,
			);
			name = "Supporting Files";
			sourceTree = "<group>";
		};
		654F78521395BAF700093D22 /* Main Menu */ = {
			isa = PBXGroup;
			children = (
				654F784C1395BAE400093D22 /* MainMenuViewController.h */,
				654F784D1395BAE400093D22 /* MainMenuViewController.m */,
				654F784E1395BAE400093D22 /* MainMenuViewController.xib */,
				654F78681395C74B00093D22 /* User Info */,
			);
			name = "Main Menu";
			sourceTree = "<group>";
		};
		654F78681395C74B00093D22 /* User Info */ = {
			isa = PBXGroup;
			children = (
				654F78631395C72D00093D22 /* UserInfoViewController.h */,
				654F78641395C72D00093D22 /* UserInfoViewController.m */,
				654F78651395C72D00093D22 /* UserInfoViewController.xib */,
			);
			name = "User Info";
			sourceTree = "<group>";
		};
		659A1AF2139DE70B002DE4C1 /* Lost Items Table View */ = {
			isa = PBXGroup;
			children = (
				659A1AE7139DE094002DE4C1 /* LostItemsTableViewController.h */,
				659A1AE8139DE094002DE4C1 /* LostItemsTableViewController.m */,
				653D4605139F4570001FCF78 /* MyLostItemsTableViewController.h */,
				653D4606139F4570001FCF78 /* MyLostItemsTableViewController.m */,
			);
			name = "Lost Items Table View";
			sourceTree = "<group>";
		};
		65F54F4F139E3E9E00028051 /* Found Items Table View */ = {
			isa = PBXGroup;
			children = (
				65F54F4C139E3E9800028051 /* FoundItemsTableViewController.h */,
				65F54F4D139E3E9900028051 /* FoundItemsTableViewController.m */,
			);
			name = "Found Items Table View";
			sourceTree = "<group>";
		};
/* End PBXGroup section */

/* Begin PBXNativeTarget section */
		654F78101395B8FD00093D22 /* LostAndFound */ = {
			isa = PBXNativeTarget;
			buildConfigurationList = 654F78311395B8FD00093D22 /* Build configuration list for PBXNativeTarget "LostAndFound" */;
			buildPhases = (
				654F780D1395B8FD00093D22 /* Sources */,
				654F780E1395B8FD00093D22 /* Frameworks */,
				654F780F1395B8FD00093D22 /* Resources */,
			);
			buildRules = (
			);
			dependencies = (
			);
			name = LostAndFound;
			productName = LostAndFound;
			productReference = 654F78111395B8FD00093D22 /* LostAndFound.app */;
			productType = "com.apple.product-type.application";
		};
/* End PBXNativeTarget section */

/* Begin PBXProject section */
		654F78081395B8FD00093D22 /* Project object */ = {
			isa = PBXProject;
			buildConfigurationList = 654F780B1395B8FD00093D22 /* Build configuration list for PBXProject "LostAndFound" */;
			compatibilityVersion = "Xcode 3.2";
			developmentRegion = English;
			hasScannedForEncodings = 0;
			knownRegions = (
				en,
			);
			mainGroup = 654F78061395B8FD00093D22;
			productRefGroup = 654F78121395B8FD00093D22 /* Products */;
			projectDirPath = "";
			projectRoot = "";
			targets = (
				654F78101395B8FD00093D22 /* LostAndFound */,
			);
		};
/* End PBXProject section */

/* Begin PBXResourcesBuildPhase section */
		654F780F1395B8FD00093D22 /* Resources */ = {
			isa = PBXResourcesBuildPhase;
			buildActionMask = 2147483647;
			files = (
				654F78221395B8FD00093D22 /* InfoPlist.strings in Resources */,
				654F782B1395B8FD00093D22 /* MainWindow.xib in Resources */,
				654F78501395BAE400093D22 /* MainMenuViewController.xib in Resources */,
				65F790781398557D0001A3F6 /* UserInfoViewController.xib in Resources */,
				6526EB351399E79D00C7D9F5 /* LostItemViewController.xib in Resources */,
				65124273139B79410045D6FD /* no-photo.png in Resources */,
				6512429B139C84620045D6FD /* LocalLoser_Logo.png in Resources */,
				6512429E139C85A90045D6FD /* LocalLoser_Logo_White.png in Resources */,
				650C6E1B139C8B610068D920 /* button_blue.png in Resources */,
				650C6E27139C90AA0068D920 /* LocalLoser_Icon.png in Resources */,
				650C6E2A139CA05A0068D920 /* button_lightBlue.png in Resources */,
				650C6E2F139CA4EA0068D920 /* FoundItemViewController.xib in Resources */,
				650C6E5F139DAEE90068D920 /* cat.jpg in Resources */,
				650C6E68139DD3A50068D920 /* baseball.jpg in Resources */,
				650C6E69139DD3A50068D920 /* switchblade.jpg in Resources */,
				650C6E6B139DD3A50068D920 /* carKeys.jpg in Resources */,
				650C6E6C139DD3A50068D920 /* fedora.jpg in Resources */,
				650C6E6D139DD3A50068D920 /* sunglasses.jpg in Resources */,
				650C6E6F139DD3A50068D920 /* tennis_racket.jpg in Resources */,
				650C6E71139DD50D0068D920 /* piano.jpg in Resources */,
				659A1AD9139DDBE1002DE4C1 /* wedding_ring2.jpg in Resources */,
			);
			runOnlyForDeploymentPostprocessing = 0;
		};
/* End PBXResourcesBuildPhase section */

/* Begin PBXSourcesBuildPhase section */
		654F780D1395B8FD00093D22 /* Sources */ = {
			isa = PBXSourcesBuildPhase;
			buildActionMask = 2147483647;
			files = (
				654F78251395B8FD00093D22 /* main.m in Sources */,
				654F78281395B8FD00093D22 /* LostAndFoundAppDelegate.m in Sources */,
				654F782E1395B8FD00093D22 /* LostAndFound.xcdatamodeld in Sources */,
				654F784F1395BAE400093D22 /* MainMenuViewController.m in Sources */,
				654F78661395C72D00093D22 /* UserInfoViewController.m in Sources */,
				6526EB341399E79D00C7D9F5 /* LostItemViewController.m in Sources */,
				65DC05C8139A1CD600EB2782 /* LostItem_Create.m in Sources */,
				650613AD139B4CFE0067EF92 /* DraggablePinAnnotation.m in Sources */,
				650C6E2E139CA4EA0068D920 /* FoundItemViewController.m in Sources */,
				650C6E38139CAE1A0068D920 /* FoundItem_Create.m in Sources */,
				650C6E55139DAAA60068D920 /* CoreDataTableViewController.m in Sources */,
				659A1AE9139DE094002DE4C1 /* LostItemsTableViewController.m in Sources */,
				659A1AF5139DE781002DE4C1 /* LostItem_MKAnnotation.m in Sources */,
				65F54F48139E240F00028051 /* FoundItem.m in Sources */,
				65F54F4B139E241000028051 /* LostItem.m in Sources */,
				65F54F4E139E3E9900028051 /* FoundItemsTableViewController.m in Sources */,
				65F54F52139E432F00028051 /* FoundItem_MKAnnotation.m in Sources */,
				65F54F5A139E978200028051 /* LostItemInfoPageViewController.m in Sources */,
				653D45FB139F3D5E001FCF78 /* FoundItemInfoPageViewController.m in Sources */,
				653D4607139F4570001FCF78 /* MyLostItemsTableViewController.m in Sources */,
			);
			runOnlyForDeploymentPostprocessing = 0;
		};
/* End PBXSourcesBuildPhase section */

/* Begin PBXVariantGroup section */
		654F78201395B8FD00093D22 /* InfoPlist.strings */ = {
			isa = PBXVariantGroup;
			children = (
				654F78211395B8FD00093D22 /* en */,
			);
			name = InfoPlist.strings;
			sourceTree = "<group>";
		};
		654F78291395B8FD00093D22 /* MainWindow.xib */ = {
			isa = PBXVariantGroup;
			children = (
				654F782A1395B8FD00093D22 /* en */,
			);
			name = MainWindow.xib;
			sourceTree = "<group>";
		};
/* End PBXVariantGroup section */

/* Begin XCBuildConfiguration section */
		654F782F1395B8FD00093D22 /* Debug */ = {
			isa = XCBuildConfiguration;
			buildSettings = {
				ARCHS = "$(ARCHS_STANDARD_32_BIT)";
				"CODE_SIGN_IDENTITY[sdk=iphoneos*]" = "iPhone Developer";
				GCC_C_LANGUAGE_STANDARD = gnu99;
				GCC_OPTIMIZATION_LEVEL = 0;
				GCC_PREPROCESSOR_DEFINITIONS = DEBUG;
				GCC_SYMBOLS_PRIVATE_EXTERN = NO;
				GCC_VERSION = com.apple.compilers.llvmgcc42;
				GCC_WARN_ABOUT_RETURN_TYPE = YES;
				GCC_WARN_UNUSED_VARIABLE = YES;
				IPHONEOS_DEPLOYMENT_TARGET = 4.3;
				SDKROOT = iphoneos;
			};
			name = Debug;
		};
		654F78301395B8FD00093D22 /* Release */ = {
			isa = XCBuildConfiguration;
			buildSettings = {
				ARCHS = "$(ARCHS_STANDARD_32_BIT)";
				"CODE_SIGN_IDENTITY[sdk=iphoneos*]" = "iPhone Developer";
				GCC_C_LANGUAGE_STANDARD = gnu99;
				GCC_VERSION = com.apple.compilers.llvmgcc42;
				GCC_WARN_ABOUT_RETURN_TYPE = YES;
				GCC_WARN_UNUSED_VARIABLE = YES;
				IPHONEOS_DEPLOYMENT_TARGET = 4.3;
				OTHER_CFLAGS = "-DNS_BLOCK_ASSERTIONS=1";
				SDKROOT = iphoneos;
			};
			name = Release;
		};
		654F78321395B8FD00093D22 /* Debug */ = {
			isa = XCBuildConfiguration;
			buildSettings = {
				ALWAYS_SEARCH_USER_PATHS = NO;
				COPY_PHASE_STRIP = NO;
				FRAMEWORK_SEARCH_PATHS = (
					"$(inherited)",
					"\"$(SRCROOT)\"",
				);
				GCC_DYNAMIC_NO_PIC = NO;
				GCC_PRECOMPILE_PREFIX_HEADER = YES;
				GCC_PREFIX_HEADER = "LostAndFound/LostAndFound-Prefix.pch";
				GCC_VERSION = com.apple.compilers.llvm.clang.1_0;
				INFOPLIST_FILE = "LostAndFound/LostAndFound-Info.plist";
				IPHONEOS_DEPLOYMENT_TARGET = 4.2;
				PRODUCT_NAME = "$(TARGET_NAME)";
				WRAPPER_EXTENSION = app;
			};
			name = Debug;
		};
		654F78331395B8FD00093D22 /* Release */ = {
			isa = XCBuildConfiguration;
			buildSettings = {
				ALWAYS_SEARCH_USER_PATHS = NO;
				COPY_PHASE_STRIP = YES;
				FRAMEWORK_SEARCH_PATHS = (
					"$(inherited)",
					"\"$(SRCROOT)\"",
				);
				GCC_PRECOMPILE_PREFIX_HEADER = YES;
				GCC_PREFIX_HEADER = "LostAndFound/LostAndFound-Prefix.pch";
				GCC_VERSION = com.apple.compilers.llvm.clang.1_0;
				INFOPLIST_FILE = "LostAndFound/LostAndFound-Info.plist";
				IPHONEOS_DEPLOYMENT_TARGET = 4.2;
				PRODUCT_NAME = "$(TARGET_NAME)";
				VALIDATE_PRODUCT = YES;
				WRAPPER_EXTENSION = app;
			};
			name = Release;
		};
/* End XCBuildConfiguration section */

/* Begin XCConfigurationList section */
		654F780B1395B8FD00093D22 /* Build configuration list for PBXProject "LostAndFound" */ = {
			isa = XCConfigurationList;
			buildConfigurations = (
				654F782F1395B8FD00093D22 /* Debug */,
				654F78301395B8FD00093D22 /* Release */,
			);
			defaultConfigurationIsVisible = 0;
			defaultConfigurationName = Release;
		};
		654F78311395B8FD00093D22 /* Build configuration list for PBXNativeTarget "LostAndFound" */ = {
			isa = XCConfigurationList;
			buildConfigurations = (
				654F78321395B8FD00093D22 /* Debug */,
				654F78331395B8FD00093D22 /* Release */,
			);
			defaultConfigurationIsVisible = 0;
			defaultConfigurationName = Release;
		};
/* End XCConfigurationList section */

/* Begin XCVersionGroup section */
		654F782C1395B8FD00093D22 /* LostAndFound.xcdatamodeld */ = {
			isa = XCVersionGroup;
			children = (
				654F782D1395B8FD00093D22 /* LostAndFound.xcdatamodel */,
			);
			currentVersion = 654F782D1395B8FD00093D22 /* LostAndFound.xcdatamodel */;
			path = LostAndFound.xcdatamodeld;
			sourceTree = "<group>";
			versionGroupType = wrapper.xcdatamodel;
		};
/* End XCVersionGroup section */
	};
	rootObject = 654F78081395B8FD00093D22 /* Project object */;
}
